
Microsoft Visual Studio Solution File, Format Version 12.00
# Visual Studio Version 17
VisualStudioVersion = 17.2.32616.157
MinimumVisualStudioVersion = 10.0.40219.1
Project("{2150E333-8FDC-42A3-9474-1A3956D46DE8}") = "FrontEnd", "FrontEnd", "{A89FE20C-494A-4FEA-90A8-4005DE457465}"
EndProject
Project("{2150E333-8FDC-42A3-9474-1A3956D46DE8}") = "Services", "Services", "{D8965E8A-79DD-41AF-ADAB-12DDAD1CCB85}"
EndProject
Project("{9A19103F-16F7-4668-BE54-9A1E7A4F7556}") = "GeekShopping.Web", "GeekShopping.Web\GeekShopping.Web.csproj", "{009AB595-DD7A-4FE0-A7F7-5EC187528888}"
	ProjectSection(ProjectDependencies) = postProject
		{F5724864-6E0B-453C-8F22-E63B8218135B} = {F5724864-6E0B-453C-8F22-E63B8218135B}
	EndProjectSection
EndProject
Project("{9A19103F-16F7-4668-BE54-9A1E7A4F7556}") = "GeekShopping.ProductAPI", "GeekShopping.ProductAPI\GeekShopping.ProductAPI.csproj", "{AD179E85-3E1D-40C9-8912-1590AF301406}"
EndProject
Project("{9A19103F-16F7-4668-BE54-9A1E7A4F7556}") = "GeekShopping.IdentityServer", "GeekShopping.IdentityServer\GeekShopping.IdentityServer.csproj", "{2AB197A0-4763-44C5-8C82-0B1D092C4DCD}"
EndProject
Project("{9A19103F-16F7-4668-BE54-9A1E7A4F7556}") = "GeekShopping.CartAPI", "GeekShopping.CartAPI\GeekShopping.CartAPI.csproj", "{76E03F09-0D41-4D9E-870E-A8E8C7D29973}"
EndProject
Project("{9A19103F-16F7-4668-BE54-9A1E7A4F7556}") = "GeekShopping.CouponAPI", "GeekShopping.CouponAPI\GeekShopping.CouponAPI.csproj", "{EDEE10E2-AF9C-4F6D-AEBE-0429DD558726}"
EndProject
Project("{2150E333-8FDC-42A3-9474-1A3956D46DE8}") = "Integration", "Integration", "{F44381B7-E8D4-42F7-9B6A-7C8F080C1772}"
EndProject
Project("{9A19103F-16F7-4668-BE54-9A1E7A4F7556}") = "GeekShopping.MessageBus", "GeekShopping.MessageBus\GeekShopping.MessageBus.csproj", "{F5724864-6E0B-453C-8F22-E63B8218135B}"
EndProject
Project("{9A19103F-16F7-4668-BE54-9A1E7A4F7556}") = "GeekShopping.OrderAPI", "GeekShopping.OrderAPI\GeekShopping.OrderAPI.csproj", "{B7EF251C-6CC8-4CFB-A29B-8AB8804DD4BE}"
EndProject
Project("{2150E333-8FDC-42A3-9474-1A3956D46DE8}") = "Payments", "Payments", "{51E17FD3-4742-48E1-88FB-26FAD51EFFC9}"
EndProject
Project("{9A19103F-16F7-4668-BE54-9A1E7A4F7556}") = "GeekShopping.PaymentProcessor", "GeekShopping.PaymentProcessor\GeekShopping.PaymentProcessor.csproj", "{D88060B6-4905-445A-B634-BAD257DCF816}"
EndProject
Project("{9A19103F-16F7-4668-BE54-9A1E7A4F7556}") = "GeekShopping.PaymentAPI", "GeekShopping.PaymentAPI\GeekShopping.PaymentAPI.csproj", "{954DA860-1D43-44E5-AC07-4CA627C21CBD}"
EndProject
Project("{9A19103F-16F7-4668-BE54-9A1E7A4F7556}") = "GeekShopping.Email", "GeekShopping.Email\GeekShopping.Email.csproj", "{F9163586-D41F-43E5-B4C5-8985F22C4F6B}"
EndProject
Project("{2150E333-8FDC-42A3-9474-1A3956D46DE8}") = "Gateway", "Gateway", "{D92E4CED-44AD-4CB7-889F-A3ADB6A43CDD}"
EndProject
Project("{9A19103F-16F7-4668-BE54-9A1E7A4F7556}") = "GeekShopping.APIGateway", "GeekShopping.APIGateway\GeekShopping.APIGateway.csproj", "{C5E9929D-657A-4D9D-976A-7B2E4419F819}"
EndProject
Project("{2150E333-8FDC-42A3-9474-1A3956D46DE8}") = "Solution Items", "Solution Items", "{3BF712E0-5612-4CDA-A58D-FFA6E7740AB0}"
	ProjectSection(SolutionItems) = preProject
		APIGatewayDockerfile = APIGatewayDockerfile
		CartAPIDockerfile = CartAPIDockerfile
		CouponAPIDockerfile = CouponAPIDockerfile
		docker-compose.yml = docker-compose.yml
		EmailDockerfile = EmailDockerfile
		IdentityServerDockerfile = IdentityServerDockerfile
		OrderAPIDockerfile = OrderAPIDockerfile
		PaymentAPIDockerfile = PaymentAPIDockerfile
		ProductAPIDockerfile = ProductAPIDockerfile
		WebDockerfile = WebDockerfile
	EndProjectSection
EndProject
Global
	GlobalSection(SolutionConfigurationPlatforms) = preSolution
		Debug|Any CPU = Debug|Any CPU
		Release|Any CPU = Release|Any CPU
	EndGlobalSection
	GlobalSection(ProjectConfigurationPlatforms) = postSolution
		{009AB595-DD7A-4FE0-A7F7-5EC187528888}.Debug|Any CPU.ActiveCfg = Debug|Any CPU
		{009AB595-DD7A-4FE0-A7F7-5EC187528888}.Debug|Any CPU.Build.0 = Debug|Any CPU
		{009AB595-DD7A-4FE0-A7F7-5EC187528888}.Release|Any CPU.ActiveCfg = Release|Any CPU
		{009AB595-DD7A-4FE0-A7F7-5EC187528888}.Release|Any CPU.Build.0 = Release|Any CPU
		{AD179E85-3E1D-40C9-8912-1590AF301406}.Debug|Any CPU.ActiveCfg = Debug|Any CPU
		{AD179E85-3E1D-40C9-8912-1590AF301406}.Debug|Any CPU.Build.0 = Debug|Any CPU
		{AD179E85-3E1D-40C9-8912-1590AF301406}.Release|Any CPU.ActiveCfg = Release|Any CPU
		{AD179E85-3E1D-40C9-8912-1590AF301406}.Release|Any CPU.Build.0 = Release|Any CPU
		{2AB197A0-4763-44C5-8C82-0B1D092C4DCD}.Debug|Any CPU.ActiveCfg = Debug|Any CPU
		{2AB197A0-4763-44C5-8C82-0B1D092C4DCD}.Debug|Any CPU.Build.0 = Debug|Any CPU
		{2AB197A0-4763-44C5-8C82-0B1D092C4DCD}.Release|Any CPU.ActiveCfg = Release|Any CPU
		{2AB197A0-4763-44C5-8C82-0B1D092C4DCD}.Release|Any CPU.Build.0 = Release|Any CPU
		{76E03F09-0D41-4D9E-870E-A8E8C7D29973}.Debug|Any CPU.ActiveCfg = Debug|Any CPU
		{76E03F09-0D41-4D9E-870E-A8E8C7D29973}.Debug|Any CPU.Build.0 = Debug|Any CPU
		{76E03F09-0D41-4D9E-870E-A8E8C7D29973}.Release|Any CPU.ActiveCfg = Release|Any CPU
		{76E03F09-0D41-4D9E-870E-A8E8C7D29973}.Release|Any CPU.Build.0 = Release|Any CPU
		{EDEE10E2-AF9C-4F6D-AEBE-0429DD558726}.Debug|Any CPU.ActiveCfg = Debug|Any CPU
		{EDEE10E2-AF9C-4F6D-AEBE-0429DD558726}.Debug|Any CPU.Build.0 = Debug|Any CPU
		{EDEE10E2-AF9C-4F6D-AEBE-0429DD558726}.Release|Any CPU.ActiveCfg = Release|Any CPU
		{EDEE10E2-AF9C-4F6D-AEBE-0429DD558726}.Release|Any CPU.Build.0 = Release|Any CPU
		{F5724864-6E0B-453C-8F22-E63B8218135B}.Debug|Any CPU.ActiveCfg = Debug|Any CPU
		{F5724864-6E0B-453C-8F22-E63B8218135B}.Debug|Any CPU.Build.0 = Debug|Any CPU
		{F5724864-6E0B-453C-8F22-E63B8218135B}.Release|Any CPU.ActiveCfg = Release|Any CPU
		{F5724864-6E0B-453C-8F22-E63B8218135B}.Release|Any CPU.Build.0 = Release|Any CPU
		{B7EF251C-6CC8-4CFB-A29B-8AB8804DD4BE}.Debug|Any CPU.ActiveCfg = Debug|Any CPU
		{B7EF251C-6CC8-4CFB-A29B-8AB8804DD4BE}.Debug|Any CPU.Build.0 = Debug|Any CPU
		{B7EF251C-6CC8-4CFB-A29B-8AB8804DD4BE}.Release|Any CPU.ActiveCfg = Release|Any CPU
		{B7EF251C-6CC8-4CFB-A29B-8AB8804DD4BE}.Release|Any CPU.Build.0 = Release|Any CPU
		{D88060B6-4905-445A-B634-BAD257DCF816}.Debug|Any CPU.ActiveCfg = Debug|Any CPU
		{D88060B6-4905-445A-B634-BAD257DCF816}.Debug|Any CPU.Build.0 = Debug|Any CPU
		{D88060B6-4905-445A-B634-BAD257DCF816}.Release|Any CPU.ActiveCfg = Release|Any CPU
		{D88060B6-4905-445A-B634-BAD257DCF816}.Release|Any CPU.Build.0 = Release|Any CPU
		{954DA860-1D43-44E5-AC07-4CA627C21CBD}.Debug|Any CPU.ActiveCfg = Debug|Any CPU
		{954DA860-1D43-44E5-AC07-4CA627C21CBD}.Debug|Any CPU.Build.0 = Debug|Any CPU
		{954DA860-1D43-44E5-AC07-4CA627C21CBD}.Release|Any CPU.ActiveCfg = Release|Any CPU
		{954DA860-1D43-44E5-AC07-4CA627C21CBD}.Release|Any CPU.Build.0 = Release|Any CPU
		{F9163586-D41F-43E5-B4C5-8985F22C4F6B}.Debug|Any CPU.ActiveCfg = Debug|Any CPU
		{F9163586-D41F-43E5-B4C5-8985F22C4F6B}.Debug|Any CPU.Build.0 = Debug|Any CPU
		{F9163586-D41F-43E5-B4C5-8985F22C4F6B}.Release|Any CPU.ActiveCfg = Release|Any CPU
		{F9163586-D41F-43E5-B4C5-8985F22C4F6B}.Release|Any CPU.Build.0 = Release|Any CPU
		{C5E9929D-657A-4D9D-976A-7B2E4419F819}.Debug|Any CPU.ActiveCfg = Debug|Any CPU
		{C5E9929D-657A-4D9D-976A-7B2E4419F819}.Debug|Any CPU.Build.0 = Debug|Any CPU
		{C5E9929D-657A-4D9D-976A-7B2E4419F819}.Release|Any CPU.ActiveCfg = Release|Any CPU
		{C5E9929D-657A-4D9D-976A-7B2E4419F819}.Release|Any CPU.Build.0 = Release|Any CPU
	EndGlobalSection
	GlobalSection(SolutionProperties) = preSolution
		HideSolutionNode = FALSE
	EndGlobalSection
	GlobalSection(NestedProjects) = preSolution
		{009AB595-DD7A-4FE0-A7F7-5EC187528888} = {A89FE20C-494A-4FEA-90A8-4005DE457465}
		{AD179E85-3E1D-40C9-8912-1590AF301406} = {D8965E8A-79DD-41AF-ADAB-12DDAD1CCB85}
		{2AB197A0-4763-44C5-8C82-0B1D092C4DCD} = {D8965E8A-79DD-41AF-ADAB-12DDAD1CCB85}
		{76E03F09-0D41-4D9E-870E-A8E8C7D29973} = {D8965E8A-79DD-41AF-ADAB-12DDAD1CCB85}
		{EDEE10E2-AF9C-4F6D-AEBE-0429DD558726} = {D8965E8A-79DD-41AF-ADAB-12DDAD1CCB85}
		{F5724864-6E0B-453C-8F22-E63B8218135B} = {F44381B7-E8D4-42F7-9B6A-7C8F080C1772}
		{B7EF251C-6CC8-4CFB-A29B-8AB8804DD4BE} = {D8965E8A-79DD-41AF-ADAB-12DDAD1CCB85}
		{D88060B6-4905-445A-B634-BAD257DCF816} = {51E17FD3-4742-48E1-88FB-26FAD51EFFC9}
		{954DA860-1D43-44E5-AC07-4CA627C21CBD} = {D8965E8A-79DD-41AF-ADAB-12DDAD1CCB85}
		{F9163586-D41F-43E5-B4C5-8985F22C4F6B} = {D8965E8A-79DD-41AF-ADAB-12DDAD1CCB85}
		{C5E9929D-657A-4D9D-976A-7B2E4419F819} = {D92E4CED-44AD-4CB7-889F-A3ADB6A43CDD}
	EndGlobalSection
	GlobalSection(ExtensibilityGlobals) = postSolution
		SolutionGuid = {F3AFD9A0-6592-407D-88FB-78E27BF78BB0}
	EndGlobalSection
EndGlobal
